// !$*UTF8*$!
{
	archiveVersion = 1;
	classes = {
	};
	objectVersion = 46;
	objects = {

/* Begin PBXBuildFile section */
		DE6ED57D1C665B1000419821 /* AppDelegate.swift in Sources */ = {isa = PBXBuildFile; fileRef = DE6ED57C1C665B1000419821 /* AppDelegate.swift */; };
		DE6ED57F1C665B1000419821 /* ViewController.swift in Sources */ = {isa = PBXBuildFile; fileRef = DE6ED57E1C665B1000419821 /* ViewController.swift */; };
		DE6ED5821C665B1000419821 /* Main.storyboard in Resources */ = {isa = PBXBuildFile; fileRef = DE6ED5801C665B1000419821 /* Main.storyboard */; };
		DE6ED5841C665B1000419821 /* Assets.xcassets in Resources */ = {isa = PBXBuildFile; fileRef = DE6ED5831C665B1000419821 /* Assets.xcassets */; };
		DE6ED5871C665B1000419821 /* LaunchScreen.storyboard in Resources */ = {isa = PBXBuildFile; fileRef = DE6ED5851C665B1000419821 /* LaunchScreen.storyboard */; };
		DE6ED5921C665B1000419821 /* Click_LabanTests.swift in Sources */ = {isa = PBXBuildFile; fileRef = DE6ED5911C665B1000419821 /* Click_LabanTests.swift */; };
		DE6ED59D1C665B1000419821 /* Click_LabanUITests.swift in Sources */ = {isa = PBXBuildFile; fileRef = DE6ED59C1C665B1000419821 /* Click_LabanUITests.swift */; };
		DE6ED5AB1C6661A100419821 /* Player.swift in Sources */ = {isa = PBXBuildFile; fileRef = DE6ED5AA1C6661A100419821 /* Player.swift */; };
		DE6ED5AD1C6661FF00419821 /* Babalu.swift in Sources */ = {isa = PBXBuildFile; fileRef = DE6ED5AC1C6661FF00419821 /* Babalu.swift */; };
		DE6ED5AF1C6662DA00419821 /* Redford.swift in Sources */ = {isa = PBXBuildFile; fileRef = DE6ED5AE1C6662DA00419821 /* Redford.swift */; };
/* End PBXBuildFile section */

/* Begin PBXContainerItemProxy section */
		DE6ED58E1C665B1000419821 /* PBXContainerItemProxy */ = {
			isa = PBXContainerItemProxy;
			containerPortal = DE6ED5711C665B1000419821 /* Project object */;
			proxyType = 1;
			remoteGlobalIDString = DE6ED5781C665B1000419821;
			remoteInfo = "Click Laban";
		};
		DE6ED5991C665B1000419821 /* PBXContainerItemProxy */ = {
			isa = PBXContainerItemProxy;
			containerPortal = DE6ED5711C665B1000419821 /* Project object */;
			proxyType = 1;
			remoteGlobalIDString = DE6ED5781C665B1000419821;
			remoteInfo = "Click Laban";
		};
/* End PBXContainerItemProxy section */

/* Begin PBXFileReference section */
		DE6ED5791C665B1000419821 /* Click Laban.app */ = {isa = PBXFileReference; explicitFileType = wrapper.application; includeInIndex = 0; path = "Click Laban.app"; sourceTree = BUILT_PRODUCTS_DIR; };
		DE6ED57C1C665B1000419821 /* AppDelegate.swift */ = {isa = PBXFileReference; lastKnownFileType = sourcecode.swift; path = AppDelegate.swift; sourceTree = "<group>"; };
		DE6ED57E1C665B1000419821 /* ViewController.swift */ = {isa = PBXFileReference; lastKnownFileType = sourcecode.swift; path = ViewController.swift; sourceTree = "<group>"; };
		DE6ED5811C665B1000419821 /* Base */ = {isa = PBXFileReference; lastKnownFileType = file.storyboard; name = Base; path = Base.lproj/Main.storyboard; sourceTree = "<group>"; };
		DE6ED5831C665B1000419821 /* Assets.xcassets */ = {isa = PBXFileReference; lastKnownFileType = folder.assetcatalog; path = Assets.xcassets; sourceTree = "<group>"; };
		DE6ED5861C665B1000419821 /* Base */ = {isa = PBXFileReference; lastKnownFileType = file.storyboard; name = Base; path = Base.lproj/LaunchScreen.storyboard; sourceTree = "<group>"; };
		DE6ED5881C665B1000419821 /* Info.plist */ = {isa = PBXFileReference; lastKnownFileType = text.plist.xml; path = Info.plist; sourceTree = "<group>"; };
		DE6ED58D1C665B1000419821 /* Click LabanTests.xctest */ = {isa = PBXFileReference; explicitFileType = wrapper.cfbundle; includeInIndex = 0; path = "Click LabanTests.xctest"; sourceTree = BUILT_PRODUCTS_DIR; };
		DE6ED5911C665B1000419821 /* Click_LabanTests.swift */ = {isa = PBXFileReference; lastKnownFileType = sourcecode.swift; path = Click_LabanTests.swift; sourceTree = "<group>"; };
		DE6ED5931C665B1000419821 /* Info.plist */ = {isa = PBXFileReference; lastKnownFileType = text.plist.xml; path = Info.plist; sourceTree = "<group>"; };
		DE6ED5981C665B1000419821 /* Click LabanUITests.xctest */ = {isa = PBXFileReference; explicitFileType = wrapper.cfbundle; includeInIndex = 0; path = "Click LabanUITests.xctest"; sourceTree = BUILT_PRODUCTS_DIR; };
		DE6ED59C1C665B1000419821 /* Click_LabanUITests.swift */ = {isa = PBXFileReference; lastKnownFileType = sourcecode.swift; path = Click_LabanUITests.swift; sourceTree = "<group>"; };
		DE6ED59E1C665B1000419821 /* Info.plist */ = {isa = PBXFileReference; lastKnownFileType = text.plist.xml; path = Info.plist; sourceTree = "<group>"; };
		DE6ED5AA1C6661A100419821 /* Player.swift */ = {isa = PBXFileReference; fileEncoding = 4; lastKnownFileType = sourcecode.swift; path = Player.swift; sourceTree = "<group>"; };
		DE6ED5AC1C6661FF00419821 /* Babalu.swift */ = {isa = PBXFileReference; fileEncoding = 4; lastKnownFileType = sourcecode.swift; path = Babalu.swift; sourceTree = "<group>"; };
		DE6ED5AE1C6662DA00419821 /* Redford.swift */ = {isa = PBXFileReference; fileEncoding = 4; lastKnownFileType = sourcecode.swift; path = Redford.swift; sourceTree = "<group>"; };
/* End PBXFileReference section */

/* Begin PBXFrameworksBuildPhase section */
		DE6ED5761C665B1000419821 /* Frameworks */ = {
			isa = PBXFrameworksBuildPhase;
			buildActionMask = 2147483647;
			files = (
			);
			runOnlyForDeploymentPostprocessing = 0;
		};
		DE6ED58A1C665B1000419821 /* Frameworks */ = {
			isa = PBXFrameworksBuildPhase;
			buildActionMask = 2147483647;
			files = (
			);
			runOnlyForDeploymentPostprocessing = 0;
		};
		DE6ED5951C665B1000419821 /* Frameworks */ = {
			isa = PBXFrameworksBuildPhase;
			buildActionMask = 2147483647;
			files = (
			);
			runOnlyForDeploymentPostprocessing = 0;
		};
/* End PBXFrameworksBuildPhase section */

/* Begin PBXGroup section */
		DE6ED5701C665B1000419821 = {
			isa = PBXGroup;
			children = (
				DE6ED57B1C665B1000419821 /* Click Laban */,
				DE6ED5901C665B1000419821 /* Click LabanTests */,
				DE6ED59B1C665B1000419821 /* Click LabanUITests */,
				DE6ED57A1C665B1000419821 /* Products */,
			);
			sourceTree = "<group>";
		};
		DE6ED57A1C665B1000419821 /* Products */ = {
			isa = PBXGroup;
			children = (
				DE6ED5791C665B1000419821 /* Click Laban.app */,
				DE6ED58D1C665B1000419821 /* Click LabanTests.xctest */,
				DE6ED5981C665B1000419821 /* Click LabanUITests.xctest */,
			);
			name = Products;
			sourceTree = "<group>";
		};
		DE6ED57B1C665B1000419821 /* Click Laban */ = {
			isa = PBXGroup;
			children = (
				DE6ED57C1C665B1000419821 /* AppDelegate.swift */,
				DE6ED57E1C665B1000419821 /* ViewController.swift */,
				DE6ED5801C665B1000419821 /* Main.storyboard */,
				DE6ED5831C665B1000419821 /* Assets.xcassets */,
				DE6ED5851C665B1000419821 /* LaunchScreen.storyboard */,
				DE6ED5881C665B1000419821 /* Info.plist */,
				DE6ED5AA1C6661A100419821 /* Player.swift */,
				DE6ED5AC1C6661FF00419821 /* Babalu.swift */,
				DE6ED5AE1C6662DA00419821 /* Redford.swift */,
			);
			path = "Click Laban";
			sourceTree = "<group>";
		};
		DE6ED5901C665B1000419821 /* Click LabanTests */ = {
			isa = PBXGroup;
			children = (
				DE6ED5911C665B1000419821 /* Click_LabanTests.swift */,
				DE6ED5931C665B1000419821 /* Info.plist */,
			);
			path = "Click LabanTests";
			sourceTree = "<group>";
		};
		DE6ED59B1C665B1000419821 /* Click LabanUITests */ = {
			isa = PBXGroup;
			children = (
				DE6ED59C1C665B1000419821 /* Click_LabanUITests.swift */,
				DE6ED59E1C665B1000419821 /* Info.plist */,
			);
			path = "Click LabanUITests";
			sourceTree = "<group>";
		};
/* End PBXGroup section */

/* Begin PBXNativeTarget section */
		DE6ED5781C665B1000419821 /* Click Laban */ = {
			isa = PBXNativeTarget;
			buildConfigurationList = DE6ED5A11C665B1000419821 /* Build configuration list for PBXNativeTarget "Click Laban" */;
			buildPhases = (
				DE6ED5751C665B1000419821 /* Sources */,
				DE6ED5761C665B1000419821 /* Frameworks */,
				DE6ED5771C665B1000419821 /* Resources */,
			);
			buildRules = (
			);
			dependencies = (
			);
			name = "Click Laban";
			productName = "Click Laban";
			productReference = DE6ED5791C665B1000419821 /* Click Laban.app */;
			productType = "com.apple.product-type.application";
		};
		DE6ED58C1C665B1000419821 /* Click LabanTests */ = {
			isa = PBXNativeTarget;
			buildConfigurationList = DE6ED5A41C665B1000419821 /* Build configuration list for PBXNativeTarget "Click LabanTests" */;
			buildPhases = (
				DE6ED5891C665B1000419821 /* Sources */,
				DE6ED58A1C665B1000419821 /* Frameworks */,
				DE6ED58B1C665B1000419821 /* Resources */,
			);
			buildRules = (
			);
			dependencies = (
				DE6ED58F1C665B1000419821 /* PBXTargetDependency */,
			);
			name = "Click LabanTests";
			productName = "Click LabanTests";
			productReference = DE6ED58D1C665B1000419821 /* Click LabanTests.xctest */;
			productType = "com.apple.product-type.bundle.unit-test";
		};
		DE6ED5971C665B1000419821 /* Click LabanUITests */ = {
			isa = PBXNativeTarget;
			buildConfigurationList = DE6ED5A71C665B1000419821 /* Build configuration list for PBXNativeTarget "Click LabanUITests" */;
			buildPhases = (
				DE6ED5941C665B1000419821 /* Sources */,
				DE6ED5951C665B1000419821 /* Frameworks */,
				DE6ED5961C665B1000419821 /* Resources */,
			);
			buildRules = (
			);
			dependencies = (
				DE6ED59A1C665B1000419821 /* PBXTargetDependency */,
			);
			name = "Click LabanUITests";
			productName = "Click LabanUITests";
			productReference = DE6ED5981C665B1000419821 /* Click LabanUITests.xctest */;
			productType = "com.apple.product-type.bundle.ui-testing";
		};
/* End PBXNativeTarget section */

/* Begin PBXProject section */
		DE6ED5711C665B1000419821 /* Project object */ = {
			isa = PBXProject;
			attributes = {
				LastSwiftUpdateCheck = 0720;
				LastUpgradeCheck = 0720;
				ORGANIZATIONNAME = "Lyle Christianne Jover";
				TargetAttributes = {
					DE6ED5781C665B1000419821 = {
						CreatedOnToolsVersion = 7.2.1;
						DevelopmentTeam = H27XDZ2QBG;
					};
					DE6ED58C1C665B1000419821 = {
						CreatedOnToolsVersion = 7.2.1;
						TestTargetID = DE6ED5781C665B1000419821;
					};
					DE6ED5971C665B1000419821 = {
						CreatedOnToolsVersion = 7.2.1;
						TestTargetID = DE6ED5781C665B1000419821;
					};
				};
			};
			buildConfigurationList = DE6ED5741C665B1000419821 /* Build configuration list for PBXProject "Click Laban" */;
			compatibilityVersion = "Xcode 3.2";
			developmentRegion = English;
			hasScannedForEncodings = 0;
			knownRegions = (
				en,
				Base,
			);
			mainGroup = DE6ED5701C665B1000419821;
			productRefGroup = DE6ED57A1C665B1000419821 /* Products */;
			projectDirPath = "";
			projectRoot = "";
			targets = (
				DE6ED5781C665B1000419821 /* Click Laban */,
				DE6ED58C1C665B1000419821 /* Click LabanTests */,
				DE6ED5971C665B1000419821 /* Click LabanUITests */,
			);
		};
/* End PBXProject section */

/* Begin PBXResourcesBuildPhase section */
		DE6ED5771C665B1000419821 /* Resources */ = {
			isa = PBXResourcesBuildPhase;
			buildActionMask = 2147483647;
			files = (
				DE6ED5871C665B1000419821 /* LaunchScreen.storyboard in Resources */,
				DE6ED5841C665B1000419821 /* Assets.xcassets in Resources */,
				DE6ED5821C665B1000419821 /* Main.storyboard in Resources */,
			);
			runOnlyForDeploymentPostprocessing = 0;
		};
		DE6ED58B1C665B1000419821 /* Resources */ = {
			isa = PBXResourcesBuildPhase;
			buildActionMask = 2147483647;
			files = (
			);
			runOnlyForDeploymentPostprocessing = 0;
		};
		DE6ED5961C665B1000419821 /* Resources */ = {
			isa = PBXResourcesBuildPhase;
			buildActionMask = 2147483647;
			files = (
			);
			runOnlyForDeploymentPostprocessing = 0;
		};
/* End PBXResourcesBuildPhase section */

/* Begin PBXSourcesBuildPhase section */
		DE6ED5751C665B1000419821 /* Sources */ = {
			isa = PBXSourcesBuildPhase;
			buildActionMask = 2147483647;
			files = (
				DE6ED57F1C665B1000419821 /* ViewController.swift in Sources */,
				DE6ED5AB1C6661A100419821 /* Player.swift in Sources */,
				DE6ED5AD1C6661FF00419821 /* Babalu.swift in Sources */,
				DE6ED5AF1C6662DA00419821 /* Redford.swift in Sources */,
				DE6ED57D1C665B1000419821 /* AppDelegate.swift in Sources */,
			);
			runOnlyForDeploymentPostprocessing = 0;
		};
		DE6ED5891C665B1000419821 /* Sources */ = {
			isa = PBXSourcesBuildPhase;
			buildActionMask = 2147483647;
			files = (
				DE6ED5921C665B1000419821 /* Click_LabanTests.swift in Sources */,
			);
			runOnlyForDeploymentPostprocessing = 0;
		};
		DE6ED5941C665B1000419821 /* Sources */ = {
			isa = PBXSourcesBuildPhase;
			buildActionMask = 2147483647;
			files = (
				DE6ED59D1C665B1000419821 /* Click_LabanUITests.swift in Sources */,
			);
			runOnlyForDeploymentPostprocessing = 0;
		};
/* End PBXSourcesBuildPhase section */

/* Begin PBXTargetDependency section */
		DE6ED58F1C665B1000419821 /* PBXTargetDependency */ = {
			isa = PBXTargetDependency;
			target = DE6ED5781C665B1000419821 /* Click Laban */;
			targetProxy = DE6ED58E1C665B1000419821 /* PBXContainerItemProxy */;
		};
		DE6ED59A1C665B1000419821 /* PBXTargetDependency */ = {
			isa = PBXTargetDependency;
			target = DE6ED5781C665B1000419821 /* Click Laban */;
			targetProxy = DE6ED5991C665B1000419821 /* PBXContainerItemProxy */;
		};
/* End PBXTargetDependency section */

/* Begin PBXVariantGroup section */
		DE6ED5801C665B1000419821 /* Main.storyboard */ = {
			isa = PBXVariantGroup;
			children = (
				DE6ED5811C665B1000419821 /* Base */,
			);
			name = Main.storyboard;
			sourceTree = "<group>";
		};
		DE6ED5851C665B1000419821 /* LaunchScreen.storyboard */ = {
			isa = PBXVariantGroup;
			children = (
				DE6ED5861C665B1000419821 /* Base */,
			);
			name = LaunchScreen.storyboard;
			sourceTree = "<group>";
		};
/* End PBXVariantGroup section */

/* Begin XCBuildConfiguration section */
		DE6ED59F1C665B1000419821 /* Debug */ = {
			isa = XCBuildConfiguration;
			buildSettings = {
				ALWAYS_SEARCH_USER_PATHS = NO;
				CLANG_CXX_LANGUAGE_STANDARD = "gnu++0x";
				CLANG_CXX_LIBRARY = "libc++";
				CLANG_ENABLE_MODULES = YES;
				CLANG_ENABLE_OBJC_ARC = YES;
				CLANG_WARN_BOOL_CONVERSION = YES;
				CLANG_WARN_CONSTANT_CONVERSION = YES;
				CLANG_WARN_DIRECT_OBJC_ISA_USAGE = YES_ERROR;
				CLANG_WARN_EMPTY_BODY = YES;
				CLANG_WARN_ENUM_CONVERSION = YES;
				CLANG_WARN_INT_CONVERSION = YES;
				CLANG_WARN_OBJC_ROOT_CLASS = YES_ERROR;
				CLANG_WARN_UNREACHABLE_CODE = YES;
				CLANG_WARN__DUPLICATE_METHOD_MATCH = YES;
				"CODE_SIGN_IDENTITY[sdk=iphoneos*]" = "iPhone Developer";
				COPY_PHASE_STRIP = NO;
				DEBUG_INFORMATION_FORMAT = dwarf;
				ENABLE_STRICT_OBJC_MSGSEND = YES;
				ENABLE_TESTABILITY = YES;
				GCC_C_LANGUAGE_STANDARD = gnu99;
				GCC_DYNAMIC_NO_PIC = NO;
				GCC_NO_COMMON_BLOCKS = YES;
				GCC_OPTIMIZATION_LEVEL = 0;
				GCC_PREPROCESSOR_DEFINITIONS = (
					"DEBUG=1",
					"$(inherited)",
				);
				GCC_WARN_64_TO_32_BIT_CONVERSION = YES;
				GCC_WARN_ABOUT_RETURN_TYPE = YES_ERROR;
				GCC_WARN_UNDECLARED_SELECTOR = YES;
				GCC_WARN_UNINITIALIZED_AUTOS = YES_AGGRESSIVE;
				GCC_WARN_UNUSED_FUNCTION = YES;
				GCC_WARN_UNUSED_VARIABLE = YES;
				IPHONEOS_DEPLOYMENT_TARGET = 9.2;
				MTL_ENABLE_DEBUG_INFO = YES;
				ONLY_ACTIVE_ARCH = YES;
				SDKROOT = iphoneos;
				SWIFT_OPTIMIZATION_LEVEL = "-Onone";
				TARGETED_DEVICE_FAMILY = "1,2";
			};
			name = Debug;
		};
		DE6ED5A01C665B1000419821 /* Release */ = {
			isa = XCBuildConfiguration;
			buildSettings = {
				ALWAYS_SEARCH_USER_PATHS = NO;
				CLANG_CXX_LANGUAGE_STANDARD = "gnu++0x";
				CLANG_CXX_LIBRARY = "libc++";
				CLANG_ENABLE_MODULES = YES;
				CLANG_ENABLE_OBJC_ARC = YES;
				CLANG_WARN_BOOL_CONVERSION = YES;
				CLANG_WARN_CONSTANT_CONVERSION = YES;
				CLANG_WARN_DIRECT_OBJC_ISA_USAGE = YES_ERROR;
				CLANG_WARN_EMPTY_BODY = YES;
				CLANG_WARN_ENUM_CONVERSION = YES;
				CLANG_WARN_INT_CONVERSION = YES;
				CLANG_WARN_OBJC_ROOT_CLASS = YES_ERROR;
				CLANG_WARN_UNREACHABLE_CODE = YES;
				CLANG_WARN__DUPLICATE_METHOD_MATCH = YES;
				"CODE_SIGN_IDENTITY[sdk=iphoneos*]" = "iPhone Developer";
				COPY_PHASE_STRIP = NO;
				DEBUG_INFORMATION_FORMAT = "dwarf-with-dsym";
				ENABLE_NS_ASSERTIONS = NO;
				ENABLE_STRICT_OBJC_MSGSEND = YES;
				GCC_C_LANGUAGE_STANDARD = gnu99;
				GCC_NO_COMMON_BLOCKS = YES;
				GCC_WARN_64_TO_32_BIT_CONVERSION = YES;
				GCC_WARN_ABOUT_RETURN_TYPE = YES_ERROR;
				GCC_WARN_UNDECLARED_SELECTOR = YES;
				GCC_WARN_UNINITIALIZED_AUTOS = YES_AGGRESSIVE;
				GCC_WARN_UNUSED_FUNCTION = YES;
				GCC_WARN_UNUSED_VARIABLE = YES;
				IPHONEOS_DEPLOYMENT_TARGET = 9.2;
				MTL_ENABLE_DEBUG_INFO = NO;
				SDKROOT = iphoneos;
				TARGETED_DEVICE_FAMILY = "1,2";
				VALIDATE_PRODUCT = YES;
			};
			name = Release;
		};
		DE6ED5A21C665B1000419821 /* Debug */ = {
			isa = XCBuildConfiguration;
			buildSettings = {
				ASSETCATALOG_COMPILER_APPICON_NAME = AppIcon;
				CODE_SIGN_IDENTITY = "iPhone Developer";
				"CODE_SIGN_IDENTITY[sdk=iphoneos*]" = "iPhone Developer";
				INFOPLIST_FILE = "Click Laban/Info.plist";
				LD_RUNPATH_SEARCH_PATHS = "$(inherited) @executable_path/Frameworks";
				PRODUCT_BUNDLE_IDENTIFIER = "com.JoverIndustries.Click-Laban";
				PRODUCT_NAME = "$(TARGET_NAME)";
				PROVISIONING_PROFILE = "";
			};
			name = Debug;
		};
		DE6ED5A31C665B1000419821 /* Release */ = {
			isa = XCBuildConfiguration;
			buildSettings = {
				ASSETCATALOG_COMPILER_APPICON_NAME = AppIcon;
				CODE_SIGN_IDENTITY = "iPhone Developer";
				"CODE_SIGN_IDENTITY[sdk=iphoneos*]" = "iPhone Developer";
				INFOPLIST_FILE = "Click Laban/Info.plist";
				LD_RUNPATH_SEARCH_PATHS = "$(inherited) @executable_path/Frameworks";
				PRODUCT_BUNDLE_IDENTIFIER = "com.JoverIndustries.Click-Laban";
				PRODUCT_NAME = "$(TARGET_NAME)";
				PROVISIONING_PROFILE = "";
			};
			name = Release;
		};
		DE6ED5A51C665B1000419821 /* Debug */ = {
			isa = XCBuildConfiguration;
			buildSettings = {
				BUNDLE_LOADER = "$(TEST_HOST)";
				INFOPLIST_FILE = "Click LabanTests/Info.plist";
				LD_RUNPATH_SEARCH_PATHS = "$(inherited) @executable_path/Frameworks @loader_path/Frameworks";
				PRODUCT_BUNDLE_IDENTIFIER = "com.JoverIndustries.Click-LabanTests";
				PRODUCT_NAME = "$(TARGET_NAME)";
				TEST_HOST = "$(BUILT_PRODUCTS_DIR)/Click Laban.app/Click Laban";
			};
			name = Debug;
		};
		DE6ED5A61C665B1000419821 /* Release */ = {
			isa = XCBuildConfiguration;
			buildSettings = {
				BUNDLE_LOADER = "$(TEST_HOST)";
				INFOPLIST_FILE = "Click LabanTests/Info.plist";
				LD_RUNPATH_SEARCH_PATHS = "$(inherited) @executable_path/Frameworks @loader_path/Frameworks";
				PRODUCT_BUNDLE_IDENTIFIER = "com.JoverIndustries.Click-LabanTests";
				PRODUCT_NAME = "$(TARGET_NAME)";
				TEST_HOST = "$(BUILT_PRODUCTS_DIR)/Click Laban.app/Click Laban";
			};
			name = Release;
		};
		DE6ED5A81C665B1000419821 /* Debug */ = {
			isa = XCBuildConfiguration;
			buildSettings = {
				INFOPLIST_FILE = "Click LabanUITests/Info.plist";
				LD_RUNPATH_SEARCH_PATHS = "$(inherited) @executable_path/Frameworks @loader_path/Frameworks";
				PRODUCT_BUNDLE_IDENTIFIER = "com.JoverIndustries.Click-LabanUITests";
				PRODUCT_NAME = "$(TARGET_NAME)";
				TEST_TARGET_NAME = "Click Laban";
				USES_XCTRUNNER = YES;
			};
			name = Debug;
		};
		DE6ED5A91C665B1000419821 /* Release */ = {
			isa = XCBuildConfiguration;
			buildSettings = {
				INFOPLIST_FILE = "Click LabanUITests/Info.plist";
				LD_RUNPATH_SEARCH_PATHS = "$(inherited) @executable_path/Frameworks @loader_path/Frameworks";
				PRODUCT_BUNDLE_IDENTIFIER = "com.JoverIndustries.Click-LabanUITests";
				PRODUCT_NAME = "$(TARGET_NAME)";
				TEST_TARGET_NAME = "Click Laban";
				USES_XCTRUNNER = YES;
			};
			name = Release;
		};
/* End XCBuildConfiguration section */

/* Begin XCConfigurationList section */
		DE6ED5741C665B1000419821 /* Build configuration list for PBXProject "Click Laban" */ = {
			isa = XCConfigurationList;
			buildConfigurations = (
				DE6ED59F1C665B1000419821 /* Debug */,
				DE6ED5A01C665B1000419821 /* Release */,
			);
			defaultConfigurationIsVisible = 0;
			defaultConfigurationName = Release;
		};
		DE6ED5A11C665B1000419821 /* Build configuration list for PBXNativeTarget "Click Laban" */ = {
			isa = XCConfigurationList;
			buildConfigurations = (
				DE6ED5A21C665B1000419821 /* Debug */,
				DE6ED5A31C665B1000419821 /* Release */,
			);
			defaultConfigurationIsVisible = 0;
			defaultConfigurationName = Release;
		};
		DE6ED5A41C665B1000419821 /* Build configuration list for PBXNativeTarget "Click LabanTests" */ = {
			isa = XCConfigurationList;
			buildConfigurations = (
				DE6ED5A51C665B1000419821 /* Debug */,
				DE6ED5A61C665B1000419821 /* Release */,
			);
			defaultConfigurationIsVisible = 0;
			defaultConfigurationName = Release;
		};
		DE6ED5A71C665B1000419821 /* Build configuration list for PBXNativeTarget "Click LabanUITests" */ = {
			isa = XCConfigurationList;
			buildConfigurations = (
				DE6ED5A81C665B1000419821 /* Debug */,
				DE6ED5A91C665B1000419821 /* Release */,
			);
			defaultConfigurationIsVisible = 0;
			defaultConfigurationName = Release;
		};
/* End XCConfigurationList section */
	};
	rootObject = DE6ED5711C665B1000419821 /* Project object */;
}
